
Microsoft Visual Studio Solution File, Format Version 12.00
# Visual Studio Version 17
VisualStudioVersion = 17.14.36301.6 d17.14
MinimumVisualStudioVersion = 10.0.40219.1
Project("{FAE04EC0-301F-11D3-BF4B-00C04F79EFBC}") = "ImageToIcon", "ImageToIcon\ImageToIcon.csproj", "{50753790-E6EF-47EA-93C3-B0A2B9FE6EE4}"
EndProject
Global
	GlobalSection(SolutionConfigurationPlatforms) = preSolution
		Debug|Any CPU = Debug|Any CPU
		Release|Any CPU = Release|Any CPU
	EndGlobalSection
	GlobalSection(ProjectConfigurationPlatforms) = postSolution
		{50753790-E6EF-47EA-93C3-B0A2B9FE6EE4}.Debug|Any CPU.ActiveCfg = Debug|Any CPU
		{50753790-E6EF-47EA-93C3-B0A2B9FE6EE4}.Debug|Any CPU.Build.0 = Debug|Any CPU
		{50753790-E6EF-47EA-93C3-B0A2B9FE6EE4}.Release|Any CPU.ActiveCfg = Release|Any CPU
		{50753790-E6EF-47EA-93C3-B0A2B9FE6EE4}.Release|Any CPU.Build.0 = Release|Any CPU
	EndGlobalSection
	GlobalSection(SolutionProperties) = preSolution
		HideSolutionNode = FALSE
	EndGlobalSection
	GlobalSection(ExtensibilityGlobals) = postSolution
		SolutionGuid = {54A0378F-D485-44EC-8A6B-06190B75BF35}
	EndGlobalSection
EndGlobal
